
Microsoft Visual Studio Solution File, Format Version 12.00
# Visual Studio Version 16
VisualStudioVersion = 16.0.29020.237
MinimumVisualStudioVersion = 10.0.40219.1
Project("{FAE04EC0-301F-11D3-BF4B-00C04F79EFBC}") = "MLExample", "MLExample\MLExample.csproj", "{637EA83A-6225-466C-A77F-F6FC235F9F4B}"
EndProject
Global
	GlobalSection(SolutionConfigurationPlatforms) = preSolution
		Debug|Any CPU = Debug|Any CPU
		Release|Any CPU = Release|Any CPU
	EndGlobalSection
	GlobalSection(ProjectConfigurationPlatforms) = postSolution
		{637EA83A-6225-466C-A77F-F6FC235F9F4B}.Debug|Any CPU.ActiveCfg = Debug|Any CPU
		{637EA83A-6225-466C-A77F-F6FC235F9F4B}.Debug|Any CPU.Build.0 = Debug|Any CPU
		{637EA83A-6225-466C-A77F-F6FC235F9F4B}.Release|Any CPU.ActiveCfg = Release|Any CPU
		{637EA83A-6225-466C-A77F-F6FC235F9F4B}.Release|Any CPU.Build.0 = Release|Any CPU
	EndGlobalSection
	GlobalSection(SolutionProperties) = preSolution
		HideSolutionNode = FALSE
	EndGlobalSection
	GlobalSection(ExtensibilityGlobals) = postSolution
		SolutionGuid = {B48D5C8E-C777-4908-854C-8C16B00B4B93}
	EndGlobalSection
EndGlobal
