
Microsoft Visual Studio Solution File, Format Version 12.00
# Visual Studio Version 16
VisualStudioVersion = 16.0.29020.237
MinimumVisualStudioVersion = 10.0.40219.1
Project("{FAE04EC0-301F-11D3-BF4B-00C04F79EFBC}") = "MLExample", "MLExample\MLExample.csproj", "{637EA83A-6225-466C-A77F-F6FC235F9F4B}"
EndProject
Project("{9A19103F-16F7-4668-BE54-9A1E7A4F7556}") = "MLExampleML.Model", "MLExampleML.Model\MLExampleML.Model.csproj", "{206FFEFF-F21D-45EF-BC47-E84F0EF07E04}"
EndProject
Project("{9A19103F-16F7-4668-BE54-9A1E7A4F7556}") = "MLExampleML.ConsoleApp", "MLExampleML.ConsoleApp\MLExampleML.ConsoleApp.csproj", "{7674200E-BB8C-4409-859D-BFA6BD735CA2}"
EndProject
Global
	GlobalSection(SolutionConfigurationPlatforms) = preSolution
		Debug|Any CPU = Debug|Any CPU
		Release|Any CPU = Release|Any CPU
	EndGlobalSection
	GlobalSection(ProjectConfigurationPlatforms) = postSolution
		{637EA83A-6225-466C-A77F-F6FC235F9F4B}.Debug|Any CPU.ActiveCfg = Debug|Any CPU
		{637EA83A-6225-466C-A77F-F6FC235F9F4B}.Debug|Any CPU.Build.0 = Debug|Any CPU
		{637EA83A-6225-466C-A77F-F6FC235F9F4B}.Release|Any CPU.ActiveCfg = Release|Any CPU
		{637EA83A-6225-466C-A77F-F6FC235F9F4B}.Release|Any CPU.Build.0 = Release|Any CPU
		{206FFEFF-F21D-45EF-BC47-E84F0EF07E04}.Debug|Any CPU.ActiveCfg = Debug|Any CPU
		{206FFEFF-F21D-45EF-BC47-E84F0EF07E04}.Debug|Any CPU.Build.0 = Debug|Any CPU
		{206FFEFF-F21D-45EF-BC47-E84F0EF07E04}.Release|Any CPU.ActiveCfg = Release|Any CPU
		{206FFEFF-F21D-45EF-BC47-E84F0EF07E04}.Release|Any CPU.Build.0 = Release|Any CPU
		{7674200E-BB8C-4409-859D-BFA6BD735CA2}.Debug|Any CPU.ActiveCfg = Debug|Any CPU
		{7674200E-BB8C-4409-859D-BFA6BD735CA2}.Debug|Any CPU.Build.0 = Debug|Any CPU
		{7674200E-BB8C-4409-859D-BFA6BD735CA2}.Release|Any CPU.ActiveCfg = Release|Any CPU
		{7674200E-BB8C-4409-859D-BFA6BD735CA2}.Release|Any CPU.Build.0 = Release|Any CPU
	EndGlobalSection
	GlobalSection(SolutionProperties) = preSolution
		HideSolutionNode = FALSE
	EndGlobalSection
	GlobalSection(ExtensibilityGlobals) = postSolution
		SolutionGuid = {B48D5C8E-C777-4908-854C-8C16B00B4B93}
	EndGlobalSection
EndGlobal
